
Microsoft Visual Studio Solution File, Format Version 12.00
# Visual Studio Version 17
VisualStudioVersion = 17.11.35327.3
MinimumVisualStudioVersion = 10.0.40219.1
Project("{FAE04EC0-301F-11D3-BF4B-00C04F79EFBC}") = "customerManagement", "customerManagement\customerManagement.csproj", "{AEDD19B8-90EE-4576-A3B2-8D6FC516C049}"
EndProject
Project("{00D1A9C2-B5F0-4AF3-8072-F6C62B433612}") = "customerDb", "customerDb\customerDb.sqlproj", "{232B28A1-3C36-47C3-870F-D019389CC3C6}"
EndProject
Global
	GlobalSection(SolutionConfigurationPlatforms) = preSolution
		Debug|Any CPU = Debug|Any CPU
		Release|Any CPU = Release|Any CPU
	EndGlobalSection
	GlobalSection(ProjectConfigurationPlatforms) = postSolution
		{AEDD19B8-90EE-4576-A3B2-8D6FC516C049}.Debug|Any CPU.ActiveCfg = Debug|Any CPU
		{AEDD19B8-90EE-4576-A3B2-8D6FC516C049}.Debug|Any CPU.Build.0 = Debug|Any CPU
		{AEDD19B8-90EE-4576-A3B2-8D6FC516C049}.Release|Any CPU.ActiveCfg = Release|Any CPU
		{AEDD19B8-90EE-4576-A3B2-8D6FC516C049}.Release|Any CPU.Build.0 = Release|Any CPU
		{232B28A1-3C36-47C3-870F-D019389CC3C6}.Debug|Any CPU.ActiveCfg = Debug|Any CPU
		{232B28A1-3C36-47C3-870F-D019389CC3C6}.Debug|Any CPU.Build.0 = Debug|Any CPU
		{232B28A1-3C36-47C3-870F-D019389CC3C6}.Debug|Any CPU.Deploy.0 = Debug|Any CPU
		{232B28A1-3C36-47C3-870F-D019389CC3C6}.Release|Any CPU.ActiveCfg = Release|Any CPU
		{232B28A1-3C36-47C3-870F-D019389CC3C6}.Release|Any CPU.Build.0 = Release|Any CPU
		{232B28A1-3C36-47C3-870F-D019389CC3C6}.Release|Any CPU.Deploy.0 = Release|Any CPU
	EndGlobalSection
	GlobalSection(SolutionProperties) = preSolution
		HideSolutionNode = FALSE
	EndGlobalSection
	GlobalSection(ExtensibilityGlobals) = postSolution
		SolutionGuid = {91ED5F79-E7D3-4818-9272-E0A38E4FE7CC}
	EndGlobalSection
EndGlobal
